{
  "name": "local-launch",
  "lockfileVersion": 3,
  "requires": true,
  "packages": {
    "": {
      "name": "local-launch",
      "dependencies": {
        "nodemailer": "^9.0.4"
      },
      "engines": {
        "node": "20.x"
      }
    },
    "node_modules/nodemailer": {
      "version": "9.0.4",
      "resolved": "https://registry.npmjs.org/nodemailer/-/nodemailer-9.0.4.tgz",
      "integrity": "sha512-LmJNRVRtfSCULxcZpy0Cpg4WWenlUZ9+zbmTO+S7v9wD6XreYLjXRFtDjtV/4F0HT5p1GyZfA0Ux/myxHb18CQ==",
      "license": "MIT-0",
      "engines": {
        "node": ">=6.0.0"
      }
    }
  }
}
